
Microsoft Visual Studio Solution File, Format Version 12.00
# Visual Studio Version 17
VisualStudioVersion = 17.3.32825.248
MinimumVisualStudioVersion = 10.0.40219.1
Project("{FAE04EC0-301F-11D3-BF4B-00C04F79EFBC}") = "Spreadsheet_Ayden_Armstrong", "Spreadsheet_Ayden_Armstrong.csproj", "{D4F47F9A-FE4F-4400-AB1C-C1B4C7EB5E57}"
EndProject
Project("{FAE04EC0-301F-11D3-BF4B-00C04F79EFBC}") = "SpreadsheetEngine", "..\SpreadsheetEngine\SpreadsheetEngine.csproj", "{0A0799FC-1310-4828-94EA-B350B50B21B3}"
EndProject
Global
	GlobalSection(SolutionConfigurationPlatforms) = preSolution
		Debug|Any CPU = Debug|Any CPU
		Release|Any CPU = Release|Any CPU
	EndGlobalSection
	GlobalSection(ProjectConfigurationPlatforms) = postSolution
		{D4F47F9A-FE4F-4400-AB1C-C1B4C7EB5E57}.Debug|Any CPU.ActiveCfg = Debug|Any CPU
		{D4F47F9A-FE4F-4400-AB1C-C1B4C7EB5E57}.Debug|Any CPU.Build.0 = Debug|Any CPU
		{D4F47F9A-FE4F-4400-AB1C-C1B4C7EB5E57}.Release|Any CPU.ActiveCfg = Release|Any CPU
		{D4F47F9A-FE4F-4400-AB1C-C1B4C7EB5E57}.Release|Any CPU.Build.0 = Release|Any CPU
		{0A0799FC-1310-4828-94EA-B350B50B21B3}.Debug|Any CPU.ActiveCfg = Debug|Any CPU
		{0A0799FC-1310-4828-94EA-B350B50B21B3}.Debug|Any CPU.Build.0 = Debug|Any CPU
		{0A0799FC-1310-4828-94EA-B350B50B21B3}.Release|Any CPU.ActiveCfg = Release|Any CPU
		{0A0799FC-1310-4828-94EA-B350B50B21B3}.Release|Any CPU.Build.0 = Release|Any CPU
	EndGlobalSection
	GlobalSection(SolutionProperties) = preSolution
		HideSolutionNode = FALSE
	EndGlobalSection
	GlobalSection(ExtensibilityGlobals) = postSolution
		SolutionGuid = {5B794755-4563-46C7-B3B6-5254218DC8BE}
	EndGlobalSection
EndGlobal
